
Microsoft Visual Studio Solution File, Format Version 12.00
# Visual Studio Version 17
VisualStudioVersion = 17.1.32328.378
MinimumVisualStudioVersion = 10.0.40219.1
Project("{FAE04EC0-301F-11D3-BF4B-00C04F79EFBC}") = "1.5Prototype", "1.Prototype\1.5Prototype.csproj", "{AE9B82F3-F838-4D5A-B5C3-EC3E66D5269A}"
EndProject
Global
	GlobalSection(SolutionConfigurationPlatforms) = preSolution
		Debug|Any CPU = Debug|Any CPU
		Release|Any CPU = Release|Any CPU
	EndGlobalSection
	GlobalSection(ProjectConfigurationPlatforms) = postSolution
		{AE9B82F3-F838-4D5A-B5C3-EC3E66D5269A}.Debug|Any CPU.ActiveCfg = Debug|Any CPU
		{AE9B82F3-F838-4D5A-B5C3-EC3E66D5269A}.Debug|Any CPU.Build.0 = Debug|Any CPU
		{AE9B82F3-F838-4D5A-B5C3-EC3E66D5269A}.Release|Any CPU.ActiveCfg = Release|Any CPU
		{AE9B82F3-F838-4D5A-B5C3-EC3E66D5269A}.Release|Any CPU.Build.0 = Release|Any CPU
	EndGlobalSection
	GlobalSection(SolutionProperties) = preSolution
		HideSolutionNode = FALSE
	EndGlobalSection
	GlobalSection(ExtensibilityGlobals) = postSolution
		SolutionGuid = {342CB5D6-1E24-4389-8D39-1626AD17644E}
	EndGlobalSection
EndGlobal
