
Microsoft Visual Studio Solution File, Format Version 12.00
# Visual Studio Version 17
VisualStudioVersion = 17.1.32328.378
MinimumVisualStudioVersion = 10.0.40219.1
Project("{FAE04EC0-301F-11D3-BF4B-00C04F79EFBC}") = "1.1_AbstractFactory", "1.1_AbstractFactory\1.1_AbstractFactory.csproj", "{95CEDD8E-B4A1-4089-9E0D-58AFB3FFDE60}"
EndProject
Global
	GlobalSection(SolutionConfigurationPlatforms) = preSolution
		Debug|Any CPU = Debug|Any CPU
		Release|Any CPU = Release|Any CPU
	EndGlobalSection
	GlobalSection(ProjectConfigurationPlatforms) = postSolution
		{95CEDD8E-B4A1-4089-9E0D-58AFB3FFDE60}.Debug|Any CPU.ActiveCfg = Debug|Any CPU
		{95CEDD8E-B4A1-4089-9E0D-58AFB3FFDE60}.Debug|Any CPU.Build.0 = Debug|Any CPU
		{95CEDD8E-B4A1-4089-9E0D-58AFB3FFDE60}.Release|Any CPU.ActiveCfg = Release|Any CPU
		{95CEDD8E-B4A1-4089-9E0D-58AFB3FFDE60}.Release|Any CPU.Build.0 = Release|Any CPU
	EndGlobalSection
	GlobalSection(SolutionProperties) = preSolution
		HideSolutionNode = FALSE
	EndGlobalSection
	GlobalSection(ExtensibilityGlobals) = postSolution
		SolutionGuid = {7A5C13CA-B3CB-48E2-A08A-DF027D7D45EE}
	EndGlobalSection
EndGlobal
